
Microsoft Visual Studio Solution File, Format Version 12.00
# Visual Studio Version 17
VisualStudioVersion = 17.7.34024.191
MinimumVisualStudioVersion = 10.0.40219.1
Project("{FAE04EC0-301F-11D3-BF4B-00C04F79EFBC}") = "TerrariaRemade", "TerrariaRemade\TerrariaRemade.csproj", "{065E6FC5-EA2F-41D0-942A-474CD79EAF02}"
EndProject
Global
	GlobalSection(SolutionConfigurationPlatforms) = preSolution
		Debug|Any CPU = Debug|Any CPU
		Release|Any CPU = Release|Any CPU
	EndGlobalSection
	GlobalSection(ProjectConfigurationPlatforms) = postSolution
		{065E6FC5-EA2F-41D0-942A-474CD79EAF02}.Debug|Any CPU.ActiveCfg = Debug|Any CPU
		{065E6FC5-EA2F-41D0-942A-474CD79EAF02}.Debug|Any CPU.Build.0 = Debug|Any CPU
		{065E6FC5-EA2F-41D0-942A-474CD79EAF02}.Release|Any CPU.ActiveCfg = Release|Any CPU
		{065E6FC5-EA2F-41D0-942A-474CD79EAF02}.Release|Any CPU.Build.0 = Release|Any CPU
	EndGlobalSection
	GlobalSection(SolutionProperties) = preSolution
		HideSolutionNode = FALSE
	EndGlobalSection
	GlobalSection(ExtensibilityGlobals) = postSolution
		SolutionGuid = {5DB89690-3D4A-4EC1-BB20-CE7ADBE9B303}
	EndGlobalSection
EndGlobal
